
Microsoft Visual Studio Solution File, Format Version 12.00
# Visual Studio Version 16
VisualStudioVersion = 16.0.30002.166
MinimumVisualStudioVersion = 10.0.40219.1
Project("{FAE04EC0-301F-11D3-BF4B-00C04F79EFBC}") = "TF-App-CodeBase-Dependencies-Config", "TF-App-CodeBase-Dependencies-Config\TF-App-CodeBase-Dependencies-Config.csproj", "{7FF59079-7199-4A2C-9DC3-459C0E823778}"
EndProject
Global
	GlobalSection(SolutionConfigurationPlatforms) = preSolution
		Debug|Any CPU = Debug|Any CPU
		Release|Any CPU = Release|Any CPU
	EndGlobalSection
	GlobalSection(ProjectConfigurationPlatforms) = postSolution
		{7FF59079-7199-4A2C-9DC3-459C0E823778}.Debug|Any CPU.ActiveCfg = Debug|Any CPU
		{7FF59079-7199-4A2C-9DC3-459C0E823778}.Debug|Any CPU.Build.0 = Debug|Any CPU
		{7FF59079-7199-4A2C-9DC3-459C0E823778}.Release|Any CPU.ActiveCfg = Release|Any CPU
		{7FF59079-7199-4A2C-9DC3-459C0E823778}.Release|Any CPU.Build.0 = Release|Any CPU
	EndGlobalSection
	GlobalSection(SolutionProperties) = preSolution
		HideSolutionNode = FALSE
	EndGlobalSection
	GlobalSection(ExtensibilityGlobals) = postSolution
		SolutionGuid = {9EF639E3-4E0E-467E-9CB8-88F9E643D9D7}
	EndGlobalSection
EndGlobal
